{
	"name": "@html-element-wrappers/button",
	"version": "0.3.2",
	"lockfileVersion": 1,
	"requires": true,
	"dependencies": {
		"html-element-property-mixins": {
			"version": "0.10.7",
			"resolved": "https://registry.npmjs.org/html-element-property-mixins/-/html-element-property-mixins-0.10.7.tgz",
			"integrity": "sha512-4mJnJzmHraItVw65wSLGwh/8cn0wStSuqsXpb/G0q7Zc6yM1onepYZFaYXcGq/IEyiapdIKp5QLPY6Ae2b9wLQ=="
		},
		"lit-html": {
			"version": "1.2.1",
			"resolved": "https://registry.npmjs.org/lit-html/-/lit-html-1.2.1.tgz",
			"integrity": "sha512-GSJHHXMGLZDzTRq59IUfL9FCdAlGfqNp/dEa7k7aBaaWD+JKaCjsAk9KYm2V12ItonVaYx2dprN66Zdm1AuBTQ=="
		}
	}
}
