{
	"name": "@html-element-wrappers/audio",
	"version": "0.1.1",
	"lockfileVersion": 1,
	"requires": true,
	"dependencies": {
		"html-element-property-mixins": {
			"version": "0.9.3",
			"resolved": "https://registry.npmjs.org/html-element-property-mixins/-/html-element-property-mixins-0.9.3.tgz",
			"integrity": "sha512-jI0ac3gY/YPQbZah1EqHhQVwGpYu3xMR4Pv2vHTxXvqqCX/39Jg6B03nD8nr7GBp58uC6ebeT0qSzN7F2MC7Qw=="
		}
	}
}
