{
	"name": "@html-element-wrappers/img",
	"version": "0.2.1",
	"lockfileVersion": 1,
	"requires": true,
	"dependencies": {
		"html-element-property-mixins": {
			"version": "0.9.4",
			"resolved": "https://registry.npmjs.org/html-element-property-mixins/-/html-element-property-mixins-0.9.4.tgz",
			"integrity": "sha512-YpP+RPQsWJi1hc5hlmP9THOAP3/2OHP27+S4y5weh0sVIUGrM7UUy6EsI2hZMyIGyk0vGd2O266OYtj8gnBuvQ=="
		}
	}
}
