{
  "name": "@html-element-wrappers/select",
  "version": "0.4.2",
  "lockfileVersion": 1,
  "requires": true,
  "dependencies": {
    "html-element-property-mixins": {
      "version": "0.10.7",
      "resolved": "https://registry.npmjs.org/html-element-property-mixins/-/html-element-property-mixins-0.10.7.tgz",
      "integrity": "sha512-cRhkJd4mE8TPPEuYYpKGsxU1zbhjAgZgtFcbYcb65sgapzF0xCHkHuAev+wadmJ5MC5z32g2JRBu1sKlXFT3KQ=="
    },
    "lit-html": {
      "version": "1.2.1",
      "resolved": "https://registry.npmjs.org/lit-html/-/lit-html-1.2.1.tgz",
      "integrity": "sha512-GSJHHXMGLZDzTRq59IUfL9FCdAlGfqNp/dEa7k7aBaaWD+JKaCjsAk9KYm2V12ItonVaYx2dprN66Zdm1AuBTQ=="
    }
  }
}
